dependencies:
- name: container-optimization-data-forwarder
  repository: https://densify-dev.github.io/helm-charts
  version: 4.0.14
- name: k8s-ephemeral-storage-metrics
  repository: https://densify-dev.github.io/helm-charts
  version: 1.20.0
- name: node-labeler
  repository: https://densify-dev.github.io/helm-charts
  version: 0.1.0
digest: sha256:21b4edb6c5ccdeb42c950d017813338864bd34dc20e1dcfda2045ae53b64c55e
generated: "2026-02-20T20:41:22.08655341Z"
