dependencies:
- name: container-optimization-data-forwarder
  repository: https://densify-dev.github.io/helm-charts
  version: 4.0.14
- name: k8s-ephemeral-storage-metrics
  repository: https://jmcgrath207.github.io/k8s-ephemeral-storage-metrics/chart
  version: 1.19.2
digest: sha256:a1b8e2666a9f0f936ea60cfe3ff0342b44b12bfb8411a14470a44997c064be64
generated: "2026-02-12T10:55:28.848052244Z"
