dependencies:
- name: container-optimization-data-forwarder
  repository: https://densify-dev.github.io/helm-charts
  version: 4.0.17
- name: kube-state-metrics
  repository: https://prometheus-community.github.io/helm-charts
  version: 7.3.0
digest: sha256:63e3b1f063f7f68e3a06667a225eb1c8c27225ac8eee47021da91d3b606201ae
generated: "2026-05-19T18:07:31.875334545-04:00"
