dependencies:
- name: container-optimization-data-forwarder
  repository: https://densify-dev.github.io/helm-charts
  version: 4.0.16
- name: kube-state-metrics
  repository: https://prometheus-community.github.io/helm-charts
  version: 7.3.0
digest: sha256:f4c4247751afff05ec575744f1f1535d849acaa9bb78c05dfde474ad27c7d29a
generated: "2026-05-14T16:31:26.904576854-04:00"
