dependencies:
- name: container-optimization-data-forwarder
  repository: https://densify-dev.github.io/helm-charts
  version: 4.0.10
- name: prometheus
  repository: https://prometheus-community.github.io/helm-charts
  version: 27.28.0
digest: sha256:35f833bcdc77e0e5f2b923191b1e2401b817bfb386c2535de9d5ef75ccaf9bbf
generated: "2025-07-23T11:02:21.656547603-04:00"
