dependencies:
- name: container-optimization-data-forwarder
  repository: https://densify-dev.github.io/helm-charts
  version: 4.0.17
- name: kubex-connector
  repository: https://densify-dev.github.io/helm-charts
  version: 0.1.8
- name: kubex-ai-cdi
  repository: https://densify-dev.github.io/helm-charts
  version: 0.1.8
- name: prometheus
  repository: https://prometheus-community.github.io/helm-charts
  version: 29.17.0
- name: beyla
  repository: https://grafana.github.io/helm-charts
  version: 1.16.10
- name: k8s-ephemeral-storage-metrics
  repository: https://densify-dev.github.io/helm-charts
  version: 1.21.0
- name: gpu-process-exporter
  repository: https://densify-dev.github.io/helm-charts
  version: 1.1.0
- name: node-labeler
  repository: https://densify-dev.github.io/helm-charts
  version: 0.1.2
digest: sha256:462fdc738b2cabfb00741487e2f519838d81ffc3c094d9662eb237b284f0108d
generated: "2026-07-17T16:01:39.083440872-04:00"
